
Microsoft Visual Studio Solution File, Format Version 12.00
# Visual Studio Version 16
VisualStudioVersion = 16.0.31702.278
MinimumVisualStudioVersion = 10.0.40219.1
Project("{FAE04EC0-301F-11D3-BF4B-00C04F79EFBC}") = "Practicum", "Practicum.csproj", "{56397006-190F-40CB-94A0-0FF8078CA1AA}"
EndProject
Global
	GlobalSection(SolutionConfigurationPlatforms) = preSolution
		Debug|Any CPU = Debug|Any CPU
		Release|Any CPU = Release|Any CPU
	EndGlobalSection
	GlobalSection(ProjectConfigurationPlatforms) = postSolution
		{56397006-190F-40CB-94A0-0FF8078CA1AA}.Debug|Any CPU.ActiveCfg = Debug|Any CPU
		{56397006-190F-40CB-94A0-0FF8078CA1AA}.Debug|Any CPU.Build.0 = Debug|Any CPU
		{56397006-190F-40CB-94A0-0FF8078CA1AA}.Release|Any CPU.ActiveCfg = Release|Any CPU
		{56397006-190F-40CB-94A0-0FF8078CA1AA}.Release|Any CPU.Build.0 = Release|Any CPU
	EndGlobalSection
	GlobalSection(SolutionProperties) = preSolution
		HideSolutionNode = FALSE
	EndGlobalSection
	GlobalSection(ExtensibilityGlobals) = postSolution
		SolutionGuid = {5F70FA5C-C9CA-44C0-970C-0F1546A13103}
	EndGlobalSection
EndGlobal
